
Microsoft Visual Studio Solution File, Format Version 12.00
# Visual Studio Version 16
VisualStudioVersion = 16.0.30711.63
MinimumVisualStudioVersion = 10.0.40219.1
Project("{FAE04EC0-301F-11D3-BF4B-00C04F79EFBC}") = "Hello World", "first\Hello World.csproj", "{C4C634CF-4221-4E99-9E3C-88F720DA1254}"
EndProject
Project("{9A19103F-16F7-4668-BE54-9A1E7A4F7556}") = "two", "two\two.csproj", "{490546FD-0716-433C-AA2B-EC1317FEFC5F}"
EndProject
Project("{9A19103F-16F7-4668-BE54-9A1E7A4F7556}") = "evenNumber", "evenNumber\evenNumber.csproj", "{6D9BD61E-2D53-4BE0-AE9C-B4E5A304E04E}"
EndProject
Project("{9A19103F-16F7-4668-BE54-9A1E7A4F7556}") = "calculator", "calculator\calculator.csproj", "{FA7D8F04-994D-4C24-A2A9-6D3E2C7274FE}"
EndProject
Project("{9A19103F-16F7-4668-BE54-9A1E7A4F7556}") = "sumWhile", "sumWhile\sumWhile.csproj", "{05BECBDD-B6EF-4EEE-A56F-BEA8682BD003}"
EndProject
Project("{9A19103F-16F7-4668-BE54-9A1E7A4F7556}") = "triangle", "triangle\triangle.csproj", "{67AFB0A4-7B18-46D7-821E-2432CB69AC11}"
EndProject
Project("{9A19103F-16F7-4668-BE54-9A1E7A4F7556}") = "ternary", "ternary\ternary.csproj", "{48632195-EC2A-475C-8A6A-BB1FD7C6F0BE}"
EndProject
Project("{9A19103F-16F7-4668-BE54-9A1E7A4F7556}") = "ArrayFirst", "Array\ArrayFirst.csproj", "{30660988-C9B7-4973-8AA9-F95A185E5AB6}"
EndProject
Project("{9A19103F-16F7-4668-BE54-9A1E7A4F7556}") = "ArrayTwo", "ArrayTwo\ArrayTwo.csproj", "{54FD2C60-17A8-43B3-8BA2-FD00575678EC}"
EndProject
Project("{9A19103F-16F7-4668-BE54-9A1E7A4F7556}") = "ArrayTwoDimensional", "ArrayTwoDimensional\ArrayTwoDimensional.csproj", "{1721E9F8-B4B7-4F58-B4B0-3E21F4915482}"
EndProject
Project("{9A19103F-16F7-4668-BE54-9A1E7A4F7556}") = "ArrayThreeDimensional", "ArrayThreeDimensional\ArrayThreeDimensional.csproj", "{8E18A519-3590-4994-A37D-96D2D6D78375}"
EndProject
Project("{9A19103F-16F7-4668-BE54-9A1E7A4F7556}") = "method", "method\method.csproj", "{FC3C4306-D508-4D31-8757-BBA30A2B998A}"
EndProject
Project("{9A19103F-16F7-4668-BE54-9A1E7A4F7556}") = "SearchIndex", "SearchIndex\SearchIndex.csproj", "{0B36E22F-3938-42DC-99A6-BBFFC871642C}"
EndProject
Project("{FAE04EC0-301F-11D3-BF4B-00C04F79EFBC}") = "OOP", "OOP\OOP.csproj", "{DA63D8CD-DE48-4004-86C3-FEDD411B1CE4}"
EndProject
Global
	GlobalSection(SolutionConfigurationPlatforms) = preSolution
		Debug|Any CPU = Debug|Any CPU
		Release|Any CPU = Release|Any CPU
	EndGlobalSection
	GlobalSection(ProjectConfigurationPlatforms) = postSolution
		{C4C634CF-4221-4E99-9E3C-88F720DA1254}.Debug|Any CPU.ActiveCfg = Debug|Any CPU
		{C4C634CF-4221-4E99-9E3C-88F720DA1254}.Debug|Any CPU.Build.0 = Debug|Any CPU
		{C4C634CF-4221-4E99-9E3C-88F720DA1254}.Release|Any CPU.ActiveCfg = Release|Any CPU
		{C4C634CF-4221-4E99-9E3C-88F720DA1254}.Release|Any CPU.Build.0 = Release|Any CPU
		{490546FD-0716-433C-AA2B-EC1317FEFC5F}.Debug|Any CPU.ActiveCfg = Debug|Any CPU
		{490546FD-0716-433C-AA2B-EC1317FEFC5F}.Debug|Any CPU.Build.0 = Debug|Any CPU
		{490546FD-0716-433C-AA2B-EC1317FEFC5F}.Release|Any CPU.ActiveCfg = Release|Any CPU
		{490546FD-0716-433C-AA2B-EC1317FEFC5F}.Release|Any CPU.Build.0 = Release|Any CPU
		{6D9BD61E-2D53-4BE0-AE9C-B4E5A304E04E}.Debug|Any CPU.ActiveCfg = Debug|Any CPU
		{6D9BD61E-2D53-4BE0-AE9C-B4E5A304E04E}.Debug|Any CPU.Build.0 = Debug|Any CPU
		{6D9BD61E-2D53-4BE0-AE9C-B4E5A304E04E}.Release|Any CPU.ActiveCfg = Release|Any CPU
		{6D9BD61E-2D53-4BE0-AE9C-B4E5A304E04E}.Release|Any CPU.Build.0 = Release|Any CPU
		{FA7D8F04-994D-4C24-A2A9-6D3E2C7274FE}.Debug|Any CPU.ActiveCfg = Debug|Any CPU
		{FA7D8F04-994D-4C24-A2A9-6D3E2C7274FE}.Debug|Any CPU.Build.0 = Debug|Any CPU
		{FA7D8F04-994D-4C24-A2A9-6D3E2C7274FE}.Release|Any CPU.ActiveCfg = Release|Any CPU
		{FA7D8F04-994D-4C24-A2A9-6D3E2C7274FE}.Release|Any CPU.Build.0 = Release|Any CPU
		{05BECBDD-B6EF-4EEE-A56F-BEA8682BD003}.Debug|Any CPU.ActiveCfg = Debug|Any CPU
		{05BECBDD-B6EF-4EEE-A56F-BEA8682BD003}.Debug|Any CPU.Build.0 = Debug|Any CPU
		{05BECBDD-B6EF-4EEE-A56F-BEA8682BD003}.Release|Any CPU.ActiveCfg = Release|Any CPU
		{05BECBDD-B6EF-4EEE-A56F-BEA8682BD003}.Release|Any CPU.Build.0 = Release|Any CPU
		{67AFB0A4-7B18-46D7-821E-2432CB69AC11}.Debug|Any CPU.ActiveCfg = Debug|Any CPU
		{67AFB0A4-7B18-46D7-821E-2432CB69AC11}.Debug|Any CPU.Build.0 = Debug|Any CPU
		{67AFB0A4-7B18-46D7-821E-2432CB69AC11}.Release|Any CPU.ActiveCfg = Release|Any CPU
		{67AFB0A4-7B18-46D7-821E-2432CB69AC11}.Release|Any CPU.Build.0 = Release|Any CPU
		{48632195-EC2A-475C-8A6A-BB1FD7C6F0BE}.Debug|Any CPU.ActiveCfg = Debug|Any CPU
		{48632195-EC2A-475C-8A6A-BB1FD7C6F0BE}.Debug|Any CPU.Build.0 = Debug|Any CPU
		{48632195-EC2A-475C-8A6A-BB1FD7C6F0BE}.Release|Any CPU.ActiveCfg = Release|Any CPU
		{48632195-EC2A-475C-8A6A-BB1FD7C6F0BE}.Release|Any CPU.Build.0 = Release|Any CPU
		{30660988-C9B7-4973-8AA9-F95A185E5AB6}.Debug|Any CPU.ActiveCfg = Debug|Any CPU
		{30660988-C9B7-4973-8AA9-F95A185E5AB6}.Debug|Any CPU.Build.0 = Debug|Any CPU
		{30660988-C9B7-4973-8AA9-F95A185E5AB6}.Release|Any CPU.ActiveCfg = Release|Any CPU
		{30660988-C9B7-4973-8AA9-F95A185E5AB6}.Release|Any CPU.Build.0 = Release|Any CPU
		{54FD2C60-17A8-43B3-8BA2-FD00575678EC}.Debug|Any CPU.ActiveCfg = Debug|Any CPU
		{54FD2C60-17A8-43B3-8BA2-FD00575678EC}.Debug|Any CPU.Build.0 = Debug|Any CPU
		{54FD2C60-17A8-43B3-8BA2-FD00575678EC}.Release|Any CPU.ActiveCfg = Release|Any CPU
		{54FD2C60-17A8-43B3-8BA2-FD00575678EC}.Release|Any CPU.Build.0 = Release|Any CPU
		{1721E9F8-B4B7-4F58-B4B0-3E21F4915482}.Debug|Any CPU.ActiveCfg = Debug|Any CPU
		{1721E9F8-B4B7-4F58-B4B0-3E21F4915482}.Debug|Any CPU.Build.0 = Debug|Any CPU
		{1721E9F8-B4B7-4F58-B4B0-3E21F4915482}.Release|Any CPU.ActiveCfg = Release|Any CPU
		{1721E9F8-B4B7-4F58-B4B0-3E21F4915482}.Release|Any CPU.Build.0 = Release|Any CPU
		{8E18A519-3590-4994-A37D-96D2D6D78375}.Debug|Any CPU.ActiveCfg = Debug|Any CPU
		{8E18A519-3590-4994-A37D-96D2D6D78375}.Debug|Any CPU.Build.0 = Debug|Any CPU
		{8E18A519-3590-4994-A37D-96D2D6D78375}.Release|Any CPU.ActiveCfg = Release|Any CPU
		{8E18A519-3590-4994-A37D-96D2D6D78375}.Release|Any CPU.Build.0 = Release|Any CPU
		{FC3C4306-D508-4D31-8757-BBA30A2B998A}.Debug|Any CPU.ActiveCfg = Debug|Any CPU
		{FC3C4306-D508-4D31-8757-BBA30A2B998A}.Debug|Any CPU.Build.0 = Debug|Any CPU
		{FC3C4306-D508-4D31-8757-BBA30A2B998A}.Release|Any CPU.ActiveCfg = Release|Any CPU
		{FC3C4306-D508-4D31-8757-BBA30A2B998A}.Release|Any CPU.Build.0 = Release|Any CPU
		{0B36E22F-3938-42DC-99A6-BBFFC871642C}.Debug|Any CPU.ActiveCfg = Debug|Any CPU
		{0B36E22F-3938-42DC-99A6-BBFFC871642C}.Debug|Any CPU.Build.0 = Debug|Any CPU
		{0B36E22F-3938-42DC-99A6-BBFFC871642C}.Release|Any CPU.ActiveCfg = Release|Any CPU
		{0B36E22F-3938-42DC-99A6-BBFFC871642C}.Release|Any CPU.Build.0 = Release|Any CPU
		{DA63D8CD-DE48-4004-86C3-FEDD411B1CE4}.Debug|Any CPU.ActiveCfg = Debug|Any CPU
		{DA63D8CD-DE48-4004-86C3-FEDD411B1CE4}.Debug|Any CPU.Build.0 = Debug|Any CPU
		{DA63D8CD-DE48-4004-86C3-FEDD411B1CE4}.Release|Any CPU.ActiveCfg = Release|Any CPU
		{DA63D8CD-DE48-4004-86C3-FEDD411B1CE4}.Release|Any CPU.Build.0 = Release|Any CPU
	EndGlobalSection
	GlobalSection(SolutionProperties) = preSolution
		HideSolutionNode = FALSE
	EndGlobalSection
	GlobalSection(ExtensibilityGlobals) = postSolution
		SolutionGuid = {451D1DDF-9BFB-47D3-AF0A-F916E310DF2B}
	EndGlobalSection
EndGlobal
